
Microsoft Visual Studio Solution File, Format Version 12.00
# Visual Studio Version 16
VisualStudioVersion = 16.0.33214.272
MinimumVisualStudioVersion = 10.0.40219.1
Project("{FAE04EC0-301F-11D3-BF4B-00C04F79EFBC}") = "BAU.SeedIT.API", "SeedITBAU\BAU.SeedIT.API.csproj", "{F806943A-56F9-4CA9-8921-5D1D3937671C}"
EndProject
Project("{FAE04EC0-301F-11D3-BF4B-00C04F79EFBC}") = "BAU.SeedIT.Core", "BAU.SeedIT.Core\BAU.SeedIT.Core.csproj", "{A4C6FFFE-F290-468C-9989-0C796B2E391B}"
EndProject
Project("{FAE04EC0-301F-11D3-BF4B-00C04F79EFBC}") = "BAU.SeedIT.Infra", "BAU.SeedIT.Infra\BAU.SeedIT.Infra.csproj", "{D119BFA7-FDB1-4701-A15C-F5335DA88060}"
EndProject
Global
	GlobalSection(SolutionConfigurationPlatforms) = preSolution
		Debug|Any CPU = Debug|Any CPU
		Release|Any CPU = Release|Any CPU
	EndGlobalSection
	GlobalSection(ProjectConfigurationPlatforms) = postSolution
		{F806943A-56F9-4CA9-8921-5D1D3937671C}.Debug|Any CPU.ActiveCfg = Release|Any CPU
		{F806943A-56F9-4CA9-8921-5D1D3937671C}.Debug|Any CPU.Build.0 = Release|Any CPU
		{F806943A-56F9-4CA9-8921-5D1D3937671C}.Release|Any CPU.ActiveCfg = Release|Any CPU
		{F806943A-56F9-4CA9-8921-5D1D3937671C}.Release|Any CPU.Build.0 = Release|Any CPU
		{A4C6FFFE-F290-468C-9989-0C796B2E391B}.Debug|Any CPU.ActiveCfg = Debug|Any CPU
		{A4C6FFFE-F290-468C-9989-0C796B2E391B}.Debug|Any CPU.Build.0 = Debug|Any CPU
		{A4C6FFFE-F290-468C-9989-0C796B2E391B}.Release|Any CPU.ActiveCfg = Release|Any CPU
		{A4C6FFFE-F290-468C-9989-0C796B2E391B}.Release|Any CPU.Build.0 = Release|Any CPU
		{D119BFA7-FDB1-4701-A15C-F5335DA88060}.Debug|Any CPU.ActiveCfg = Debug|Any CPU
		{D119BFA7-FDB1-4701-A15C-F5335DA88060}.Debug|Any CPU.Build.0 = Debug|Any CPU
		{D119BFA7-FDB1-4701-A15C-F5335DA88060}.Release|Any CPU.ActiveCfg = Release|Any CPU
		{D119BFA7-FDB1-4701-A15C-F5335DA88060}.Release|Any CPU.Build.0 = Release|Any CPU
	EndGlobalSection
	GlobalSection(SolutionProperties) = preSolution
		HideSolutionNode = FALSE
	EndGlobalSection
	GlobalSection(ExtensibilityGlobals) = postSolution
		SolutionGuid = {31D76D5C-FD52-4D56-BE32-933536F6F596}
	EndGlobalSection
EndGlobal
